// !$*UTF8*$!
{
	archiveVersion = 1;
	classes = {
	};
	objectVersion = 46;
	objects = {

/* Begin PBXBuildFile section */
		290C11D81D1410D500BBA7F8 /* UIViewController+SegueExtensions.swift in Sources */ = {isa = PBXBuildFile; fileRef = 290C11D71D1410D500BBA7F8 /* UIViewController+SegueExtensions.swift */; };
		290C11DA1D1417B100BBA7F8 /* InitialVC.swift in Sources */ = {isa = PBXBuildFile; fileRef = 290C11D91D1417B100BBA7F8 /* InitialVC.swift */; };
		290C11DC1D142AA700BBA7F8 /* StorageManager.swift in Sources */ = {isa = PBXBuildFile; fileRef = 290C11DB1D142AA700BBA7F8 /* StorageManager.swift */; };
		290C11DE1D142AFA00BBA7F8 /* StorageService.swift in Sources */ = {isa = PBXBuildFile; fileRef = 290C11DD1D142AFA00BBA7F8 /* StorageService.swift */; };
		290C11E61D1436B600BBA7F8 /* Marker.swift in Sources */ = {isa = PBXBuildFile; fileRef = 290C11E51D1436B600BBA7F8 /* Marker.swift */; };
		290C11E91D143A8400BBA7F8 /* LoggingService.swift in Sources */ = {isa = PBXBuildFile; fileRef = 290C11E81D143A8400BBA7F8 /* LoggingService.swift */; };
		290C11EB1D143A9000BBA7F8 /* LoggingManager.swift in Sources */ = {isa = PBXBuildFile; fileRef = 290C11EA1D143A9000BBA7F8 /* LoggingManager.swift */; };
		2926985E1D1C111E00D0F4A9 /* DefaultHeaderView.swift in Sources */ = {isa = PBXBuildFile; fileRef = 2926985C1D1C111E00D0F4A9 /* DefaultHeaderView.swift */; };
		2926985F1D1C111E00D0F4A9 /* DefaultHeaderView.xib in Resources */ = {isa = PBXBuildFile; fileRef = 2926985D1D1C111E00D0F4A9 /* DefaultHeaderView.xib */; };
		292698621D1C3A1300D0F4A9 /* NSDateComponentsFormatterExtension.swift in Sources */ = {isa = PBXBuildFile; fileRef = 292698611D1C3A1300D0F4A9 /* NSDateComponentsFormatterExtension.swift */; };
		294856C51D228388002750DB /* EntitiesSortExtension.swift in Sources */ = {isa = PBXBuildFile; fileRef = 294856C41D228388002750DB /* EntitiesSortExtension.swift */; };
		294856CB1D22BBDF002750DB /* SessionMapper.swift in Sources */ = {isa = PBXBuildFile; fileRef = 294856CA1D22BBDF002750DB /* SessionMapper.swift */; };
		294E7E751D1DB4110073618D /* SessionChartView.swift in Sources */ = {isa = PBXBuildFile; fileRef = 294E7E741D1DB4110073618D /* SessionChartView.swift */; };
		2957D93A1D187D180028CFD0 /* DataToSendGenerationService.swift in Sources */ = {isa = PBXBuildFile; fileRef = 2957D9391D187D180028CFD0 /* DataToSendGenerationService.swift */; };
		2957D93C1D187D2A0028CFD0 /* DataToSendGenerationManager.swift in Sources */ = {isa = PBXBuildFile; fileRef = 2957D93B1D187D2A0028CFD0 /* DataToSendGenerationManager.swift */; };
		29603BC51D15159F007A1F2D /* SessionVC.swift in Sources */ = {isa = PBXBuildFile; fileRef = 29603BC41D15159F007A1F2D /* SessionVC.swift */; };
		296ACCC31D2FD2B100A559C2 /* StorageManagerTests.swift in Sources */ = {isa = PBXBuildFile; fileRef = 296ACCC21D2FD2B100A559C2 /* StorageManagerTests.swift */; };
		296ACCC51D2FD40300A559C2 /* AccelerometerDataMapper.swift in Sources */ = {isa = PBXBuildFile; fileRef = 296ACCC41D2FD40300A559C2 /* AccelerometerDataMapper.swift */; };
		296ACCC71D2FDEB100A559C2 /* MarkerMapper.swift in Sources */ = {isa = PBXBuildFile; fileRef = 296ACCC61D2FDEB100A559C2 /* MarkerMapper.swift */; };
		296C81EF1D1D6ED300229DB0 /* KeyboardEventsHandler.swift in Sources */ = {isa = PBXBuildFile; fileRef = 296C81EE1D1D6ED300229DB0 /* KeyboardEventsHandler.swift */; };
		296C81F11D1D757A00229DB0 /* String+Calculations.swift in Sources */ = {isa = PBXBuildFile; fileRef = 296C81F01D1D757A00229DB0 /* String+Calculations.swift */; };
		297368621CF85D000063630A /* AppDelegate.swift in Sources */ = {isa = PBXBuildFile; fileRef = 297368611CF85D000063630A /* AppDelegate.swift */; };
		297368671CF85D000063630A /* Main.storyboard in Resources */ = {isa = PBXBuildFile; fileRef = 297368651CF85D000063630A /* Main.storyboard */; };
		297368691CF85D000063630A /* Assets.xcassets in Resources */ = {isa = PBXBuildFile; fileRef = 297368681CF85D000063630A /* Assets.xcassets */; };
		2973686C1CF85D000063630A /* LaunchScreen.storyboard in Resources */ = {isa = PBXBuildFile; fileRef = 2973686A1CF85D000063630A /* LaunchScreen.storyboard */; };
		2997B9DA1D2E9A7400FC8026 /* PebbleDataSaver.swift in Sources */ = {isa = PBXBuildFile; fileRef = 2997B9D91D2E9A7400FC8026 /* PebbleDataSaver.swift */; };
		29A2BF461D2F96210011ADFD /* DependencyManager.swift in Sources */ = {isa = PBXBuildFile; fileRef = 29A2BF451D2F96210011ADFD /* DependencyManager.swift */; };
		29A2BF481D2FA6380011ADFD /* PebbleDataSaverTests.swift in Sources */ = {isa = PBXBuildFile; fileRef = 29A2BF471D2FA6380011ADFD /* PebbleDataSaverTests.swift */; };
		29A777371D11B53800D9EBC2 /* AccelerometerData.swift in Sources */ = {isa = PBXBuildFile; fileRef = 29A777361D11B53800D9EBC2 /* AccelerometerData.swift */; };
		29B751B81D2EA2FB004E3E57 /* CDPebbleData+CoreDataProperties.swift in Sources */ = {isa = PBXBuildFile; fileRef = 29B751B61D2EA2FB004E3E57 /* CDPebbleData+CoreDataProperties.swift */; };
		29B751B91D2EA2FB004E3E57 /* CDPebbleData.swift in Sources */ = {isa = PBXBuildFile; fileRef = 29B751B71D2EA2FB004E3E57 /* CDPebbleData.swift */; };
		29E4BD1C1D12D0FC003A24A6 /* CDAccelerometerData.swift in Sources */ = {isa = PBXBuildFile; fileRef = 29E4BD141D12D0FC003A24A6 /* CDAccelerometerData.swift */; };
		29E4BD1D1D12D0FC003A24A6 /* CDAccelerometerData+CoreDataProperties.swift in Sources */ = {isa = PBXBuildFile; fileRef = 29E4BD151D12D0FC003A24A6 /* CDAccelerometerData+CoreDataProperties.swift */; };
		29E4BD201D12D0FC003A24A6 /* CDSession.swift in Sources */ = {isa = PBXBuildFile; fileRef = 29E4BD181D12D0FC003A24A6 /* CDSession.swift */; };
		29E4BD211D12D0FC003A24A6 /* CDSession+CoreDataProperties.swift in Sources */ = {isa = PBXBuildFile; fileRef = 29E4BD191D12D0FC003A24A6 /* CDSession+CoreDataProperties.swift */; };
		29E4BD251D12D133003A24A6 /* CDMarker+CoreDataProperties.swift in Sources */ = {isa = PBXBuildFile; fileRef = 29E4BD231D12D133003A24A6 /* CDMarker+CoreDataProperties.swift */; };
		29E4BD261D12D133003A24A6 /* CDMarker.swift in Sources */ = {isa = PBXBuildFile; fileRef = 29E4BD241D12D133003A24A6 /* CDMarker.swift */; };
		29E4BD291D12D29B003A24A6 /* SmartHeartTraining.xcdatamodeld in Sources */ = {isa = PBXBuildFile; fileRef = 29E4BD271D12D29B003A24A6 /* SmartHeartTraining.xcdatamodeld */; };
		29E4BD2B1D12D578003A24A6 /* WearableService.swift in Sources */ = {isa = PBXBuildFile; fileRef = 29E4BD2A1D12D578003A24A6 /* WearableService.swift */; };
		29E4BD2D1D12DFB0003A24A6 /* SessionsVC.swift in Sources */ = {isa = PBXBuildFile; fileRef = 29E4BD2C1D12DFB0003A24A6 /* SessionsVC.swift */; };
		29E4BD2F1D12DFC0003A24A6 /* OutputVC.swift in Sources */ = {isa = PBXBuildFile; fileRef = 29E4BD2E1D12DFC0003A24A6 /* OutputVC.swift */; };
		29E4BD311D12E351003A24A6 /* Session.swift in Sources */ = {isa = PBXBuildFile; fileRef = 29E4BD301D12E351003A24A6 /* Session.swift */; };
		29E4BD331D12E49C003A24A6 /* UIView+SyntacticSugar.swift in Sources */ = {isa = PBXBuildFile; fileRef = 29E4BD321D12E49C003A24A6 /* UIView+SyntacticSugar.swift */; };
		29E4BD361D12E54D003A24A6 /* SessionCell.swift in Sources */ = {isa = PBXBuildFile; fileRef = 29E4BD351D12E54D003A24A6 /* SessionCell.swift */; };
		29E4BD381D12F57A003A24A6 /* UIColorExtensions.swift in Sources */ = {isa = PBXBuildFile; fileRef = 29E4BD371D12F57A003A24A6 /* UIColorExtensions.swift */; };
		29EAE9C81CFC7BE0002926DE /* PebbleManager.swift in Sources */ = {isa = PBXBuildFile; fileRef = 29EAE9C71CFC7BE0002926DE /* PebbleManager.swift */; };
		29EB42F31D2EA4DE001A8EEB /* PebbleData.swift in Sources */ = {isa = PBXBuildFile; fileRef = 29EB42F21D2EA4DE001A8EEB /* PebbleData.swift */; };
		79FDEA4170F6054C407B9D6D /* Pods_SmartHeartTraining.framework in Frameworks */ = {isa = PBXBuildFile; fileRef = E7371B6EB016AC9FB0980814 /* Pods_SmartHeartTraining.framework */; };
/* End PBXBuildFile section */

/* Begin PBXContainerItemProxy section */
		297368731CF85D000063630A /* PBXContainerItemProxy */ = {
			isa = PBXContainerItemProxy;
			containerPortal = 297368561CF85D000063630A /* Project object */;
			proxyType = 1;
			remoteGlobalIDString = 2973685D1CF85D000063630A;
			remoteInfo = SmartHeartTraining;
		};
		2973687E1CF85D000063630A /* PBXContainerItemProxy */ = {
			isa = PBXContainerItemProxy;
			containerPortal = 297368561CF85D000063630A /* Project object */;
			proxyType = 1;
			remoteGlobalIDString = 2973685D1CF85D000063630A;
			remoteInfo = SmartHeartTraining;
		};
/* End PBXContainerItemProxy section */

/* Begin PBXFileReference section */
		290C11D71D1410D500BBA7F8 /* UIViewController+SegueExtensions.swift */ = {isa = PBXFileReference; fileEncoding = 4; lastKnownFileType = sourcecode.swift; path = "UIViewController+SegueExtensions.swift"; sourceTree = "<group>"; };
		290C11D91D1417B100BBA7F8 /* InitialVC.swift */ = {isa = PBXFileReference; fileEncoding = 4; lastKnownFileType = sourcecode.swift; path = InitialVC.swift; sourceTree = "<group>"; };
		290C11DB1D142AA700BBA7F8 /* StorageManager.swift */ = {isa = PBXFileReference; fileEncoding = 4; lastKnownFileType = sourcecode.swift; path = StorageManager.swift; sourceTree = "<group>"; };
		290C11DD1D142AFA00BBA7F8 /* StorageService.swift */ = {isa = PBXFileReference; fileEncoding = 4; lastKnownFileType = sourcecode.swift; path = StorageService.swift; sourceTree = "<group>"; };
		290C11E51D1436B600BBA7F8 /* Marker.swift */ = {isa = PBXFileReference; fileEncoding = 4; lastKnownFileType = sourcecode.swift; path = Marker.swift; sourceTree = "<group>"; };
		290C11E81D143A8400BBA7F8 /* LoggingService.swift */ = {isa = PBXFileReference; fileEncoding = 4; lastKnownFileType = sourcecode.swift; path = LoggingService.swift; sourceTree = "<group>"; };
		290C11EA1D143A9000BBA7F8 /* LoggingManager.swift */ = {isa = PBXFileReference; fileEncoding = 4; lastKnownFileType = sourcecode.swift; path = LoggingManager.swift; sourceTree = "<group>"; };
		2926985C1D1C111E00D0F4A9 /* DefaultHeaderView.swift */ = {isa = PBXFileReference; fileEncoding = 4; lastKnownFileType = sourcecode.swift; path = DefaultHeaderView.swift; sourceTree = "<group>"; };
		2926985D1D1C111E00D0F4A9 /* DefaultHeaderView.xib */ = {isa = PBXFileReference; fileEncoding = 4; lastKnownFileType = file.xib; path = DefaultHeaderView.xib; sourceTree = "<group>"; };
		292698611D1C3A1300D0F4A9 /* NSDateComponentsFormatterExtension.swift */ = {isa = PBXFileReference; fileEncoding = 4; lastKnownFileType = sourcecode.swift; path = NSDateComponentsFormatterExtension.swift; sourceTree = "<group>"; };
		294856C41D228388002750DB /* EntitiesSortExtension.swift */ = {isa = PBXFileReference; fileEncoding = 4; lastKnownFileType = sourcecode.swift; path = EntitiesSortExtension.swift; sourceTree = "<group>"; };
		294856CA1D22BBDF002750DB /* SessionMapper.swift */ = {isa = PBXFileReference; fileEncoding = 4; lastKnownFileType = sourcecode.swift; path = SessionMapper.swift; sourceTree = "<group>"; };
		294E7E741D1DB4110073618D /* SessionChartView.swift */ = {isa = PBXFileReference; fileEncoding = 4; lastKnownFileType = sourcecode.swift; path = SessionChartView.swift; sourceTree = "<group>"; };
		2957D9391D187D180028CFD0 /* DataToSendGenerationService.swift */ = {isa = PBXFileReference; fileEncoding = 4; lastKnownFileType = sourcecode.swift; path = DataToSendGenerationService.swift; sourceTree = "<group>"; };
		2957D93B1D187D2A0028CFD0 /* DataToSendGenerationManager.swift */ = {isa = PBXFileReference; fileEncoding = 4; lastKnownFileType = sourcecode.swift; path = DataToSendGenerationManager.swift; sourceTree = "<group>"; };
		29603BC41D15159F007A1F2D /* SessionVC.swift */ = {isa = PBXFileReference; fileEncoding = 4; lastKnownFileType = sourcecode.swift; path = SessionVC.swift; sourceTree = "<group>"; };
		296ACCC21D2FD2B100A559C2 /* StorageManagerTests.swift */ = {isa = PBXFileReference; fileEncoding = 4; lastKnownFileType = sourcecode.swift; path = StorageManagerTests.swift; sourceTree = "<group>"; };
		296ACCC41D2FD40300A559C2 /* AccelerometerDataMapper.swift */ = {isa = PBXFileReference; fileEncoding = 4; lastKnownFileType = sourcecode.swift; path = AccelerometerDataMapper.swift; sourceTree = "<group>"; };
		296ACCC61D2FDEB100A559C2 /* MarkerMapper.swift */ = {isa = PBXFileReference; fileEncoding = 4; lastKnownFileType = sourcecode.swift; path = MarkerMapper.swift; sourceTree = "<group>"; };
		296C81EE1D1D6ED300229DB0 /* KeyboardEventsHandler.swift */ = {isa = PBXFileReference; fileEncoding = 4; lastKnownFileType = sourcecode.swift; path = KeyboardEventsHandler.swift; sourceTree = "<group>"; };
		296C81F01D1D757A00229DB0 /* String+Calculations.swift */ = {isa = PBXFileReference; fileEncoding = 4; lastKnownFileType = sourcecode.swift; path = "String+Calculations.swift"; sourceTree = "<group>"; };
		296C81F21D1D88DE00229DB0 /* SmartHeartTraining 3.xcdatamodel */ = {isa = PBXFileReference; lastKnownFileType = wrapper.xcdatamodel; path = "SmartHeartTraining 3.xcdatamodel"; sourceTree = "<group>"; };
		2973685E1CF85D000063630A /* SmartHeartTraining.app */ = {isa = PBXFileReference; explicitFileType = wrapper.application; includeInIndex = 0; path = SmartHeartTraining.app; sourceTree = BUILT_PRODUCTS_DIR; };
		297368611CF85D000063630A /* AppDelegate.swift */ = {isa = PBXFileReference; lastKnownFileType = sourcecode.swift; path = AppDelegate.swift; sourceTree = "<group>"; };
		297368661CF85D000063630A /* Base */ = {isa = PBXFileReference; lastKnownFileType = file.storyboard; name = Base; path = Base.lproj/Main.storyboard; sourceTree = "<group>"; };
		297368681CF85D000063630A /* Assets.xcassets */ = {isa = PBXFileReference; lastKnownFileType = folder.assetcatalog; path = Assets.xcassets; sourceTree = "<group>"; };
		2973686B1CF85D000063630A /* Base */ = {isa = PBXFileReference; lastKnownFileType = file.storyboard; name = Base; path = Base.lproj/LaunchScreen.storyboard; sourceTree = "<group>"; };
		297368721CF85D000063630A /* SmartHeartTrainingTests.xctest */ = {isa = PBXFileReference; explicitFileType = wrapper.cfbundle; includeInIndex = 0; path = SmartHeartTrainingTests.xctest; sourceTree = BUILT_PRODUCTS_DIR; };
		297368781CF85D000063630A /* Info.plist */ = {isa = PBXFileReference; lastKnownFileType = text.plist.xml; path = Info.plist; sourceTree = "<group>"; };
		2973687D1CF85D000063630A /* SmartHeartTrainingUITests.xctest */ = {isa = PBXFileReference; explicitFileType = wrapper.cfbundle; includeInIndex = 0; path = SmartHeartTrainingUITests.xctest; sourceTree = BUILT_PRODUCTS_DIR; };
		297368831CF85D000063630A /* Info.plist */ = {isa = PBXFileReference; lastKnownFileType = text.plist.xml; path = Info.plist; sourceTree = "<group>"; };
		2973688F1CF85D230063630A /* Info.plist */ = {isa = PBXFileReference; fileEncoding = 4; lastKnownFileType = text.plist.xml; path = Info.plist; sourceTree = "<group>"; };
		2991E8A31D1D23D900540B82 /* SmartHeartTraining 2.xcdatamodel */ = {isa = PBXFileReference; lastKnownFileType = wrapper.xcdatamodel; path = "SmartHeartTraining 2.xcdatamodel"; sourceTree = "<group>"; };
		2997B9D91D2E9A7400FC8026 /* PebbleDataSaver.swift */ = {isa = PBXFileReference; fileEncoding = 4; lastKnownFileType = sourcecode.swift; path = PebbleDataSaver.swift; sourceTree = "<group>"; };
		29A2BF451D2F96210011ADFD /* DependencyManager.swift */ = {isa = PBXFileReference; fileEncoding = 4; lastKnownFileType = sourcecode.swift; path = DependencyManager.swift; sourceTree = "<group>"; };
		29A2BF471D2FA6380011ADFD /* PebbleDataSaverTests.swift */ = {isa = PBXFileReference; fileEncoding = 4; lastKnownFileType = sourcecode.swift; path = PebbleDataSaverTests.swift; sourceTree = "<group>"; };
		29A777361D11B53800D9EBC2 /* AccelerometerData.swift */ = {isa = PBXFileReference; fileEncoding = 4; lastKnownFileType = sourcecode.swift; path = AccelerometerData.swift; sourceTree = "<group>"; };
		29B751B51D2EA1E7004E3E57 /* SmartHeartTraining 4.xcdatamodel */ = {isa = PBXFileReference; lastKnownFileType = wrapper.xcdatamodel; path = "SmartHeartTraining 4.xcdatamodel"; sourceTree = "<group>"; };
		29B751B61D2EA2FB004E3E57 /* CDPebbleData+CoreDataProperties.swift */ = {isa = PBXFileReference; fileEncoding = 4; lastKnownFileType = sourcecode.swift; path = "CDPebbleData+CoreDataProperties.swift"; sourceTree = "<group>"; };
		29B751B71D2EA2FB004E3E57 /* CDPebbleData.swift */ = {isa = PBXFileReference; fileEncoding = 4; lastKnownFileType = sourcecode.swift; path = CDPebbleData.swift; sourceTree = "<group>"; };
		29E1EA171D3009D6005F0959 /* SmartHeartTraining 5.xcdatamodel */ = {isa = PBXFileReference; lastKnownFileType = wrapper.xcdatamodel; path = "SmartHeartTraining 5.xcdatamodel"; sourceTree = "<group>"; };
		29E2984A1D799AE30057DEA3 /* SmartHeartTraining 6.xcdatamodel */ = {isa = PBXFileReference; lastKnownFileType = wrapper.xcdatamodel; path = "SmartHeartTraining 6.xcdatamodel"; sourceTree = "<group>"; };
		29E2984B1D79AE010057DEA3 /* SmartHeartTraining 7.xcdatamodel */ = {isa = PBXFileReference; lastKnownFileType = wrapper.xcdatamodel; path = "SmartHeartTraining 7.xcdatamodel"; sourceTree = "<group>"; };
		29E4BD141D12D0FC003A24A6 /* CDAccelerometerData.swift */ = {isa = PBXFileReference; fileEncoding = 4; lastKnownFileType = sourcecode.swift; path = CDAccelerometerData.swift; sourceTree = "<group>"; };
		29E4BD151D12D0FC003A24A6 /* CDAccelerometerData+CoreDataProperties.swift */ = {isa = PBXFileReference; fileEncoding = 4; lastKnownFileType = sourcecode.swift; path = "CDAccelerometerData+CoreDataProperties.swift"; sourceTree = "<group>"; };
		29E4BD181D12D0FC003A24A6 /* CDSession.swift */ = {isa = PBXFileReference; fileEncoding = 4; lastKnownFileType = sourcecode.swift; path = CDSession.swift; sourceTree = "<group>"; };
		29E4BD191D12D0FC003A24A6 /* CDSession+CoreDataProperties.swift */ = {isa = PBXFileReference; fileEncoding = 4; lastKnownFileType = sourcecode.swift; path = "CDSession+CoreDataProperties.swift"; sourceTree = "<group>"; };
		29E4BD231D12D133003A24A6 /* CDMarker+CoreDataProperties.swift */ = {isa = PBXFileReference; fileEncoding = 4; lastKnownFileType = sourcecode.swift; path = "CDMarker+CoreDataProperties.swift"; sourceTree = "<group>"; };
		29E4BD241D12D133003A24A6 /* CDMarker.swift */ = {isa = PBXFileReference; fileEncoding = 4; lastKnownFileType = sourcecode.swift; path = CDMarker.swift; sourceTree = "<group>"; };
		29E4BD281D12D29B003A24A6 /* SmartHeartTraining.xcdatamodel */ = {isa = PBXFileReference; lastKnownFileType = wrapper.xcdatamodel; path = SmartHeartTraining.xcdatamodel; sourceTree = "<group>"; };
		29E4BD2A1D12D578003A24A6 /* WearableService.swift */ = {isa = PBXFileReference; fileEncoding = 4; lastKnownFileType = sourcecode.swift; path = WearableService.swift; sourceTree = "<group>"; };
		29E4BD2C1D12DFB0003A24A6 /* SessionsVC.swift */ = {isa = PBXFileReference; fileEncoding = 4; lastKnownFileType = sourcecode.swift; path = SessionsVC.swift; sourceTree = "<group>"; };
		29E4BD2E1D12DFC0003A24A6 /* OutputVC.swift */ = {isa = PBXFileReference; fileEncoding = 4; lastKnownFileType = sourcecode.swift; path = OutputVC.swift; sourceTree = "<group>"; };
		29E4BD301D12E351003A24A6 /* Session.swift */ = {isa = PBXFileReference; fileEncoding = 4; lastKnownFileType = sourcecode.swift; path = Session.swift; sourceTree = "<group>"; };
		29E4BD321D12E49C003A24A6 /* UIView+SyntacticSugar.swift */ = {isa = PBXFileReference; fileEncoding = 4; lastKnownFileType = sourcecode.swift; path = "UIView+SyntacticSugar.swift"; sourceTree = "<group>"; };
		29E4BD351D12E54D003A24A6 /* SessionCell.swift */ = {isa = PBXFileReference; fileEncoding = 4; lastKnownFileType = sourcecode.swift; path = SessionCell.swift; sourceTree = "<group>"; };
		29E4BD371D12F57A003A24A6 /* UIColorExtensions.swift */ = {isa = PBXFileReference; fileEncoding = 4; lastKnownFileType = sourcecode.swift; path = UIColorExtensions.swift; sourceTree = "<group>"; };
		29EAE9C71CFC7BE0002926DE /* PebbleManager.swift */ = {isa = PBXFileReference; fileEncoding = 4; lastKnownFileType = sourcecode.swift; path = PebbleManager.swift; sourceTree = "<group>"; };
		29EB42F21D2EA4DE001A8EEB /* PebbleData.swift */ = {isa = PBXFileReference; fileEncoding = 4; lastKnownFileType = sourcecode.swift; path = PebbleData.swift; sourceTree = "<group>"; };
		ABC5B45E2DD0D57BD4EA44FC /* Pods-SmartHeartTraining.release.xcconfig */ = {isa = PBXFileReference; includeInIndex = 1; lastKnownFileType = text.xcconfig; name = "Pods-SmartHeartTraining.release.xcconfig"; path = "Pods/Target Support Files/Pods-SmartHeartTraining/Pods-SmartHeartTraining.release.xcconfig"; sourceTree = "<group>"; };
		CF3B2D37CFBCF9B1EC688705 /* Pods-SmartHeartTraining.debug.xcconfig */ = {isa = PBXFileReference; includeInIndex = 1; lastKnownFileType = text.xcconfig; name = "Pods-SmartHeartTraining.debug.xcconfig"; path = "Pods/Target Support Files/Pods-SmartHeartTraining/Pods-SmartHeartTraining.debug.xcconfig"; sourceTree = "<group>"; };
		E7371B6EB016AC9FB0980814 /* Pods_SmartHeartTraining.framework */ = {isa = PBXFileReference; explicitFileType = wrapper.framework; includeInIndex = 0; path = Pods_SmartHeartTraining.framework; sourceTree = BUILT_PRODUCTS_DIR; };
/* End PBXFileReference section */

/* Begin PBXFrameworksBuildPhase section */
		2973685B1CF85D000063630A /* Frameworks */ = {
			isa = PBXFrameworksBuildPhase;
			buildActionMask = 2147483647;
			files = (
				79FDEA4170F6054C407B9D6D /* Pods_SmartHeartTraining.framework in Frameworks */,
			);
			runOnlyForDeploymentPostprocessing = 0;
		};
		2973686F1CF85D000063630A /* Frameworks */ = {
			isa = PBXFrameworksBuildPhase;
			buildActionMask = 2147483647;
			files = (
			);
			runOnlyForDeploymentPostprocessing = 0;
		};
		2973687A1CF85D000063630A /* Frameworks */ = {
			isa = PBXFrameworksBuildPhase;
			buildActionMask = 2147483647;
			files = (
			);
			runOnlyForDeploymentPostprocessing = 0;
		};
/* End PBXFrameworksBuildPhase section */

/* Begin PBXGroup section */
		290C11DF1D142B0E00BBA7F8 /* Storage */ = {
			isa = PBXGroup;
			children = (
				290C11DD1D142AFA00BBA7F8 /* StorageService.swift */,
				290C11DB1D142AA700BBA7F8 /* StorageManager.swift */,
			);
			name = Storage;
			sourceTree = "<group>";
		};
		290C11E01D142B1D00BBA7F8 /* Wearable */ = {
			isa = PBXGroup;
			children = (
				29E4BD2A1D12D578003A24A6 /* WearableService.swift */,
				29EAE9C71CFC7BE0002926DE /* PebbleManager.swift */,
				2997B9D91D2E9A7400FC8026 /* PebbleDataSaver.swift */,
			);
			name = Wearable;
			sourceTree = "<group>";
		};
		290C11E71D143A5600BBA7F8 /* Logging */ = {
			isa = PBXGroup;
			children = (
				290C11E81D143A8400BBA7F8 /* LoggingService.swift */,
				290C11EA1D143A9000BBA7F8 /* LoggingManager.swift */,
			);
			name = Logging;
			sourceTree = "<group>";
		};
		292698601D1C112B00D0F4A9 /* DefaultHeaderView */ = {
			isa = PBXGroup;
			children = (
				2926985C1D1C111E00D0F4A9 /* DefaultHeaderView.swift */,
				2926985D1D1C111E00D0F4A9 /* DefaultHeaderView.xib */,
			);
			name = DefaultHeaderView;
			sourceTree = "<group>";
		};
		294856C61D229391002750DB /* Cells */ = {
			isa = PBXGroup;
			children = (
				29E4BD351D12E54D003A24A6 /* SessionCell.swift */,
			);
			name = Cells;
			path = "Reusable Views";
			sourceTree = "<group>";
		};
		294856C91D22BBD1002750DB /* Mapping */ = {
			isa = PBXGroup;
			children = (
				294856CA1D22BBDF002750DB /* SessionMapper.swift */,
				296ACCC41D2FD40300A559C2 /* AccelerometerDataMapper.swift */,
				296ACCC61D2FDEB100A559C2 /* MarkerMapper.swift */,
			);
			name = Mapping;
			sourceTree = "<group>";
		};
		2957D9381D187C200028CFD0 /* DataToSendGeneration */ = {
			isa = PBXGroup;
			children = (
				2957D9391D187D180028CFD0 /* DataToSendGenerationService.swift */,
				2957D93B1D187D2A0028CFD0 /* DataToSendGenerationManager.swift */,
			);
			name = DataToSendGeneration;
			sourceTree = "<group>";
		};
		297368551CF85D000063630A = {
			isa = PBXGroup;
			children = (
				297368601CF85D000063630A /* SmartHeartTraining */,
				297368751CF85D000063630A /* SmartHeartTrainingTests */,
				297368801CF85D000063630A /* SmartHeartTrainingUITests */,
				2973685F1CF85D000063630A /* Products */,
				D5D4862BEE46E4767F95EB0F /* Pods */,
				7B55FA0E1DFAF9AE18C57D52 /* Frameworks */,
			);
			sourceTree = "<group>";
		};
		2973685F1CF85D000063630A /* Products */ = {
			isa = PBXGroup;
			children = (
				2973685E1CF85D000063630A /* SmartHeartTraining.app */,
				297368721CF85D000063630A /* SmartHeartTrainingTests.xctest */,
				2973687D1CF85D000063630A /* SmartHeartTrainingUITests.xctest */,
			);
			name = Products;
			sourceTree = "<group>";
		};
		297368601CF85D000063630A /* SmartHeartTraining */ = {
			isa = PBXGroup;
			children = (
				29E4BD101D12CDE9003A24A6 /* Extensions */,
				29E4BD0F1D12CDD9003A24A6 /* Storage Entities */,
				29E4BD131D12CEED003A24A6 /* Entities */,
				29E4BD111D12CDF7003A24A6 /* Managers */,
				29E4BD341D12E50D003A24A6 /* Reusable Views */,
				294856C61D229391002750DB /* Cells */,
				29E4BD0D1D12CDB2003A24A6 /* View Controllers */,
				297368611CF85D000063630A /* AppDelegate.swift */,
				297368651CF85D000063630A /* Main.storyboard */,
				2973686A1CF85D000063630A /* LaunchScreen.storyboard */,
				297368681CF85D000063630A /* Assets.xcassets */,
				29E4BD121D12CE0D003A24A6 /* Support Files */,
			);
			path = SmartHeartTraining;
			sourceTree = "<group>";
		};
		297368751CF85D000063630A /* SmartHeartTrainingTests */ = {
			isa = PBXGroup;
			children = (
				296ACCC21D2FD2B100A559C2 /* StorageManagerTests.swift */,
				29A2BF471D2FA6380011ADFD /* PebbleDataSaverTests.swift */,
				297368781CF85D000063630A /* Info.plist */,
			);
			path = SmartHeartTrainingTests;
			sourceTree = "<group>";
		};
		297368801CF85D000063630A /* SmartHeartTrainingUITests */ = {
			isa = PBXGroup;
			children = (
				297368831CF85D000063630A /* Info.plist */,
			);
			path = SmartHeartTrainingUITests;
			sourceTree = "<group>";
		};
		29E4BD0D1D12CDB2003A24A6 /* View Controllers */ = {
			isa = PBXGroup;
			children = (
				290C11D91D1417B100BBA7F8 /* InitialVC.swift */,
				29E4BD2C1D12DFB0003A24A6 /* SessionsVC.swift */,
				29603BC41D15159F007A1F2D /* SessionVC.swift */,
				29E4BD2E1D12DFC0003A24A6 /* OutputVC.swift */,
			);
			path = "View Controllers";
			sourceTree = "<group>";
		};
		29E4BD0F1D12CDD9003A24A6 /* Storage Entities */ = {
			isa = PBXGroup;
			children = (
				29E4BD271D12D29B003A24A6 /* SmartHeartTraining.xcdatamodeld */,
				29E4BD151D12D0FC003A24A6 /* CDAccelerometerData+CoreDataProperties.swift */,
				29E4BD141D12D0FC003A24A6 /* CDAccelerometerData.swift */,
				29E4BD231D12D133003A24A6 /* CDMarker+CoreDataProperties.swift */,
				29E4BD241D12D133003A24A6 /* CDMarker.swift */,
				29B751B61D2EA2FB004E3E57 /* CDPebbleData+CoreDataProperties.swift */,
				29B751B71D2EA2FB004E3E57 /* CDPebbleData.swift */,
				29E4BD191D12D0FC003A24A6 /* CDSession+CoreDataProperties.swift */,
				29E4BD181D12D0FC003A24A6 /* CDSession.swift */,
			);
			name = "Storage Entities";
			path = Storage;
			sourceTree = "<group>";
		};
		29E4BD101D12CDE9003A24A6 /* Extensions */ = {
			isa = PBXGroup;
			children = (
				294856C41D228388002750DB /* EntitiesSortExtension.swift */,
				296C81EE1D1D6ED300229DB0 /* KeyboardEventsHandler.swift */,
				292698611D1C3A1300D0F4A9 /* NSDateComponentsFormatterExtension.swift */,
				296C81F01D1D757A00229DB0 /* String+Calculations.swift */,
				29E4BD371D12F57A003A24A6 /* UIColorExtensions.swift */,
				29E4BD321D12E49C003A24A6 /* UIView+SyntacticSugar.swift */,
				290C11D71D1410D500BBA7F8 /* UIViewController+SegueExtensions.swift */,
			);
			path = Extensions;
			sourceTree = "<group>";
		};
		29E4BD111D12CDF7003A24A6 /* Managers */ = {
			isa = PBXGroup;
			children = (
				29A2BF451D2F96210011ADFD /* DependencyManager.swift */,
				290C11DF1D142B0E00BBA7F8 /* Storage */,
				294856C91D22BBD1002750DB /* Mapping */,
				290C11E71D143A5600BBA7F8 /* Logging */,
				290C11E01D142B1D00BBA7F8 /* Wearable */,
				2957D9381D187C200028CFD0 /* DataToSendGeneration */,
			);
			path = Managers;
			sourceTree = "<group>";
		};
		29E4BD121D12CE0D003A24A6 /* Support Files */ = {
			isa = PBXGroup;
			children = (
				2973688F1CF85D230063630A /* Info.plist */,
			);
			name = "Support Files";
			sourceTree = "<group>";
		};
		29E4BD131D12CEED003A24A6 /* Entities */ = {
			isa = PBXGroup;
			children = (
				29A777361D11B53800D9EBC2 /* AccelerometerData.swift */,
				290C11E51D1436B600BBA7F8 /* Marker.swift */,
				29EB42F21D2EA4DE001A8EEB /* PebbleData.swift */,
				29E4BD301D12E351003A24A6 /* Session.swift */,
			);
			path = Entities;
			sourceTree = "<group>";
		};
		29E4BD341D12E50D003A24A6 /* Reusable Views */ = {
			isa = PBXGroup;
			children = (
				292698601D1C112B00D0F4A9 /* DefaultHeaderView */,
				294E7E741D1DB4110073618D /* SessionChartView.swift */,
			);
			path = "Reusable Views";
			sourceTree = "<group>";
		};
		7B55FA0E1DFAF9AE18C57D52 /* Frameworks */ = {
			isa = PBXGroup;
			children = (
				E7371B6EB016AC9FB0980814 /* Pods_SmartHeartTraining.framework */,
			);
			name = Frameworks;
			sourceTree = "<group>";
		};
		D5D4862BEE46E4767F95EB0F /* Pods */ = {
			isa = PBXGroup;
			children = (
				CF3B2D37CFBCF9B1EC688705 /* Pods-SmartHeartTraining.debug.xcconfig */,
				ABC5B45E2DD0D57BD4EA44FC /* Pods-SmartHeartTraining.release.xcconfig */,
			);
			name = Pods;
			sourceTree = "<group>";
		};
/* End PBXGroup section */

/* Begin PBXNativeTarget section */
		2973685D1CF85D000063630A /* SmartHeartTraining */ = {
			isa = PBXNativeTarget;
			buildConfigurationList = 297368861CF85D000063630A /* Build configuration list for PBXNativeTarget "SmartHeartTraining" */;
			buildPhases = (
				265299C317C4AA97E5666AB6 /* 📦 Check Pods Manifest.lock */,
				2973685A1CF85D000063630A /* Sources */,
				2973685B1CF85D000063630A /* Frameworks */,
				2973685C1CF85D000063630A /* Resources */,
				44A2CB1DCBEE8BBA5A05F732 /* 📦 Embed Pods Frameworks */,
				E01E311498534CEE44860D5F /* 📦 Copy Pods Resources */,
				2923F7861D23BC8300E54B8D /* ShellScript */,
			);
			buildRules = (
			);
			dependencies = (
			);
			name = SmartHeartTraining;
			productName = SmartHeartTraining;
			productReference = 2973685E1CF85D000063630A /* SmartHeartTraining.app */;
			productType = "com.apple.product-type.application";
		};
		297368711CF85D000063630A /* SmartHeartTrainingTests */ = {
			isa = PBXNativeTarget;
			buildConfigurationList = 297368891CF85D000063630A /* Build configuration list for PBXNativeTarget "SmartHeartTrainingTests" */;
			buildPhases = (
				2973686E1CF85D000063630A /* Sources */,
				2973686F1CF85D000063630A /* Frameworks */,
				297368701CF85D000063630A /* Resources */,
			);
			buildRules = (
			);
			dependencies = (
				297368741CF85D000063630A /* PBXTargetDependency */,
			);
			name = SmartHeartTrainingTests;
			productName = SmartHeartTrainingTests;
			productReference = 297368721CF85D000063630A /* SmartHeartTrainingTests.xctest */;
			productType = "com.apple.product-type.bundle.unit-test";
		};
		2973687C1CF85D000063630A /* SmartHeartTrainingUITests */ = {
			isa = PBXNativeTarget;
			buildConfigurationList = 2973688C1CF85D000063630A /* Build configuration list for PBXNativeTarget "SmartHeartTrainingUITests" */;
			buildPhases = (
				297368791CF85D000063630A /* Sources */,
				2973687A1CF85D000063630A /* Frameworks */,
				2973687B1CF85D000063630A /* Resources */,
			);
			buildRules = (
			);
			dependencies = (
				2973687F1CF85D000063630A /* PBXTargetDependency */,
			);
			name = SmartHeartTrainingUITests;
			productName = SmartHeartTrainingUITests;
			productReference = 2973687D1CF85D000063630A /* SmartHeartTrainingUITests.xctest */;
			productType = "com.apple.product-type.bundle.ui-testing";
		};
/* End PBXNativeTarget section */

/* Begin PBXProject section */
		297368561CF85D000063630A /* Project object */ = {
			isa = PBXProject;
			attributes = {
				LastSwiftUpdateCheck = 0730;
				LastUpgradeCheck = 0730;
				ORGANIZATIONNAME = MadAppGang;
				TargetAttributes = {
					2973685D1CF85D000063630A = {
						CreatedOnToolsVersion = 7.3.1;
						DevelopmentTeam = E85N35G3YB;
					};
					297368711CF85D000063630A = {
						CreatedOnToolsVersion = 7.3.1;
						TestTargetID = 2973685D1CF85D000063630A;
					};
					2973687C1CF85D000063630A = {
						CreatedOnToolsVersion = 7.3.1;
						TestTargetID = 2973685D1CF85D000063630A;
					};
				};
			};
			buildConfigurationList = 297368591CF85D000063630A /* Build configuration list for PBXProject "SmartHeartTraining" */;
			compatibilityVersion = "Xcode 3.2";
			developmentRegion = English;
			hasScannedForEncodings = 0;
			knownRegions = (
				en,
				Base,
			);
			mainGroup = 297368551CF85D000063630A;
			productRefGroup = 2973685F1CF85D000063630A /* Products */;
			projectDirPath = "";
			projectRoot = "";
			targets = (
				2973685D1CF85D000063630A /* SmartHeartTraining */,
				297368711CF85D000063630A /* SmartHeartTrainingTests */,
				2973687C1CF85D000063630A /* SmartHeartTrainingUITests */,
			);
		};
/* End PBXProject section */

/* Begin PBXResourcesBuildPhase section */
		2973685C1CF85D000063630A /* Resources */ = {
			isa = PBXResourcesBuildPhase;
			buildActionMask = 2147483647;
			files = (
				2926985F1D1C111E00D0F4A9 /* DefaultHeaderView.xib in Resources */,
				2973686C1CF85D000063630A /* LaunchScreen.storyboard in Resources */,
				297368691CF85D000063630A /* Assets.xcassets in Resources */,
				297368671CF85D000063630A /* Main.storyboard in Resources */,
			);
			runOnlyForDeploymentPostprocessing = 0;
		};
		297368701CF85D000063630A /* Resources */ = {
			isa = PBXResourcesBuildPhase;
			buildActionMask = 2147483647;
			files = (
			);
			runOnlyForDeploymentPostprocessing = 0;
		};
		2973687B1CF85D000063630A /* Resources */ = {
			isa = PBXResourcesBuildPhase;
			buildActionMask = 2147483647;
			files = (
			);
			runOnlyForDeploymentPostprocessing = 0;
		};
/* End PBXResourcesBuildPhase section */

/* Begin PBXShellScriptBuildPhase section */
		265299C317C4AA97E5666AB6 /* 📦 Check Pods Manifest.lock */ = {
			isa = PBXShellScriptBuildPhase;
			buildActionMask = 2147483647;
			files = (
			);
			inputPaths = (
			);
			name = "📦 Check Pods Manifest.lock";
			outputPaths = (
			);
			runOnlyForDeploymentPostprocessing = 0;
			shellPath = /bin/sh;
			shellScript = "diff \"${PODS_ROOT}/../Podfile.lock\" \"${PODS_ROOT}/Manifest.lock\" > /dev/null\nif [[ $? != 0 ]] ; then\n    cat << EOM\nerror: The sandbox is not in sync with the Podfile.lock. Run 'pod install' or update your CocoaPods installation.\nEOM\n    exit 1\nfi\n";
			showEnvVarsInLog = 0;
		};
		2923F7861D23BC8300E54B8D /* ShellScript */ = {
			isa = PBXShellScriptBuildPhase;
			buildActionMask = 2147483647;
			files = (
			);
			inputPaths = (
			);
			outputPaths = (
			);
			runOnlyForDeploymentPostprocessing = 0;
			shellPath = /bin/sh;
			shellScript = "\"${PODS_ROOT}/Fabric/run\" ad31d34604b5d4fa329add850f1eefb356563ca4 be1bc96ec0626b8640e703f6c5bb3dbdc4fe9a141686355ec577940996599c83";
		};
		44A2CB1DCBEE8BBA5A05F732 /* 📦 Embed Pods Frameworks */ = {
			isa = PBXShellScriptBuildPhase;
			buildActionMask = 2147483647;
			files = (
			);
			inputPaths = (
			);
			name = "📦 Embed Pods Frameworks";
			outputPaths = (
			);
			runOnlyForDeploymentPostprocessing = 0;
			shellPath = /bin/sh;
			shellScript = "\"${SRCROOT}/Pods/Target Support Files/Pods-SmartHeartTraining/Pods-SmartHeartTraining-frameworks.sh\"\n";
			showEnvVarsInLog = 0;
		};
		E01E311498534CEE44860D5F /* 📦 Copy Pods Resources */ = {
			isa = PBXShellScriptBuildPhase;
			buildActionMask = 2147483647;
			files = (
			);
			inputPaths = (
			);
			name = "📦 Copy Pods Resources";
			outputPaths = (
			);
			runOnlyForDeploymentPostprocessing = 0;
			shellPath = /bin/sh;
			shellScript = "\"${SRCROOT}/Pods/Target Support Files/Pods-SmartHeartTraining/Pods-SmartHeartTraining-resources.sh\"\n";
			showEnvVarsInLog = 0;
		};
/* End PBXShellScriptBuildPhase section */

/* Begin PBXSourcesBuildPhase section */
		2973685A1CF85D000063630A /* Sources */ = {
			isa = PBXSourcesBuildPhase;
			buildActionMask = 2147483647;
			files = (
				29E4BD361D12E54D003A24A6 /* SessionCell.swift in Sources */,
				29A777371D11B53800D9EBC2 /* AccelerometerData.swift in Sources */,
				294E7E751D1DB4110073618D /* SessionChartView.swift in Sources */,
				2997B9DA1D2E9A7400FC8026 /* PebbleDataSaver.swift in Sources */,
				29EAE9C81CFC7BE0002926DE /* PebbleManager.swift in Sources */,
				290C11D81D1410D500BBA7F8 /* UIViewController+SegueExtensions.swift in Sources */,
				29E4BD311D12E351003A24A6 /* Session.swift in Sources */,
				290C11EB1D143A9000BBA7F8 /* LoggingManager.swift in Sources */,
				2957D93C1D187D2A0028CFD0 /* DataToSendGenerationManager.swift in Sources */,
				29E4BD211D12D0FC003A24A6 /* CDSession+CoreDataProperties.swift in Sources */,
				29603BC51D15159F007A1F2D /* SessionVC.swift in Sources */,
				29E4BD331D12E49C003A24A6 /* UIView+SyntacticSugar.swift in Sources */,
				290C11DC1D142AA700BBA7F8 /* StorageManager.swift in Sources */,
				29E4BD1C1D12D0FC003A24A6 /* CDAccelerometerData.swift in Sources */,
				29E4BD201D12D0FC003A24A6 /* CDSession.swift in Sources */,
				292698621D1C3A1300D0F4A9 /* NSDateComponentsFormatterExtension.swift in Sources */,
				290C11DA1D1417B100BBA7F8 /* InitialVC.swift in Sources */,
				296C81EF1D1D6ED300229DB0 /* KeyboardEventsHandler.swift in Sources */,
				29E4BD2D1D12DFB0003A24A6 /* SessionsVC.swift in Sources */,
				290C11E61D1436B600BBA7F8 /* Marker.swift in Sources */,
				29E4BD251D12D133003A24A6 /* CDMarker+CoreDataProperties.swift in Sources */,
				2926985E1D1C111E00D0F4A9 /* DefaultHeaderView.swift in Sources */,
				296ACCC51D2FD40300A559C2 /* AccelerometerDataMapper.swift in Sources */,
				290C11DE1D142AFA00BBA7F8 /* StorageService.swift in Sources */,
				29E4BD1D1D12D0FC003A24A6 /* CDAccelerometerData+CoreDataProperties.swift in Sources */,
				29E4BD2B1D12D578003A24A6 /* WearableService.swift in Sources */,
				296C81F11D1D757A00229DB0 /* String+Calculations.swift in Sources */,
				294856CB1D22BBDF002750DB /* SessionMapper.swift in Sources */,
				29E4BD381D12F57A003A24A6 /* UIColorExtensions.swift in Sources */,
				29E4BD261D12D133003A24A6 /* CDMarker.swift in Sources */,
				29B751B91D2EA2FB004E3E57 /* CDPebbleData.swift in Sources */,
				294856C51D228388002750DB /* EntitiesSortExtension.swift in Sources */,
				29E4BD291D12D29B003A24A6 /* SmartHeartTraining.xcdatamodeld in Sources */,
				29B751B81D2EA2FB004E3E57 /* CDPebbleData+CoreDataProperties.swift in Sources */,
				2957D93A1D187D180028CFD0 /* DataToSendGenerationService.swift in Sources */,
				297368621CF85D000063630A /* AppDelegate.swift in Sources */,
				29EB42F31D2EA4DE001A8EEB /* PebbleData.swift in Sources */,
				296ACCC71D2FDEB100A559C2 /* MarkerMapper.swift in Sources */,
				29E4BD2F1D12DFC0003A24A6 /* OutputVC.swift in Sources */,
				29A2BF461D2F96210011ADFD /* DependencyManager.swift in Sources */,
				290C11E91D143A8400BBA7F8 /* LoggingService.swift in Sources */,
			);
			runOnlyForDeploymentPostprocessing = 0;
		};
		2973686E1CF85D000063630A /* Sources */ = {
			isa = PBXSourcesBuildPhase;
			buildActionMask = 2147483647;
			files = (
				29A2BF481D2FA6380011ADFD /* PebbleDataSaverTests.swift in Sources */,
				296ACCC31D2FD2B100A559C2 /* StorageManagerTests.swift in Sources */,
			);
			runOnlyForDeploymentPostprocessing = 0;
		};
		297368791CF85D000063630A /* Sources */ = {
			isa = PBXSourcesBuildPhase;
			buildActionMask = 2147483647;
			files = (
			);
			runOnlyForDeploymentPostprocessing = 0;
		};
/* End PBXSourcesBuildPhase section */

/* Begin PBXTargetDependency section */
		297368741CF85D000063630A /* PBXTargetDependency */ = {
			isa = PBXTargetDependency;
			target = 2973685D1CF85D000063630A /* SmartHeartTraining */;
			targetProxy = 297368731CF85D000063630A /* PBXContainerItemProxy */;
		};
		2973687F1CF85D000063630A /* PBXTargetDependency */ = {
			isa = PBXTargetDependency;
			target = 2973685D1CF85D000063630A /* SmartHeartTraining */;
			targetProxy = 2973687E1CF85D000063630A /* PBXContainerItemProxy */;
		};
/* End PBXTargetDependency section */

/* Begin PBXVariantGroup section */
		297368651CF85D000063630A /* Main.storyboard */ = {
			isa = PBXVariantGroup;
			children = (
				297368661CF85D000063630A /* Base */,
			);
			name = Main.storyboard;
			sourceTree = "<group>";
		};
		2973686A1CF85D000063630A /* LaunchScreen.storyboard */ = {
			isa = PBXVariantGroup;
			children = (
				2973686B1CF85D000063630A /* Base */,
			);
			name = LaunchScreen.storyboard;
			sourceTree = "<group>";
		};
/* End PBXVariantGroup section */

/* Begin XCBuildConfiguration section */
		297368841CF85D000063630A /* Debug */ = {
			isa = XCBuildConfiguration;
			buildSettings = {
				ALWAYS_SEARCH_USER_PATHS = NO;
				CLANG_ANALYZER_NONNULL = YES;
				CLANG_CXX_LANGUAGE_STANDARD = "gnu++0x";
				CLANG_CXX_LIBRARY = "libc++";
				CLANG_ENABLE_MODULES = YES;
				CLANG_ENABLE_OBJC_ARC = YES;
				CLANG_WARN_BOOL_CONVERSION = YES;
				CLANG_WARN_CONSTANT_CONVERSION = YES;
				CLANG_WARN_DIRECT_OBJC_ISA_USAGE = YES_ERROR;
				CLANG_WARN_EMPTY_BODY = YES;
				CLANG_WARN_ENUM_CONVERSION = YES;
				CLANG_WARN_INT_CONVERSION = YES;
				CLANG_WARN_OBJC_ROOT_CLASS = YES_ERROR;
				CLANG_WARN_UNREACHABLE_CODE = YES;
				CLANG_WARN__DUPLICATE_METHOD_MATCH = YES;
				"CODE_SIGN_IDENTITY[sdk=iphoneos*]" = "iPhone Developer";
				COPY_PHASE_STRIP = NO;
				DEBUG_INFORMATION_FORMAT = dwarf;
				ENABLE_STRICT_OBJC_MSGSEND = YES;
				ENABLE_TESTABILITY = YES;
				GCC_C_LANGUAGE_STANDARD = gnu99;
				GCC_DYNAMIC_NO_PIC = NO;
				GCC_NO_COMMON_BLOCKS = YES;
				GCC_OPTIMIZATION_LEVEL = 0;
				GCC_PREPROCESSOR_DEFINITIONS = (
					"DEBUG=1",
					"$(inherited)",
				);
				GCC_WARN_64_TO_32_BIT_CONVERSION = YES;
				GCC_WARN_ABOUT_RETURN_TYPE = YES_ERROR;
				GCC_WARN_UNDECLARED_SELECTOR = YES;
				GCC_WARN_UNINITIALIZED_AUTOS = YES_AGGRESSIVE;
				GCC_WARN_UNUSED_FUNCTION = YES;
				GCC_WARN_UNUSED_VARIABLE = YES;
				IPHONEOS_DEPLOYMENT_TARGET = 9.0;
				MTL_ENABLE_DEBUG_INFO = YES;
				ONLY_ACTIVE_ARCH = YES;
				SDKROOT = iphoneos;
				SWIFT_OPTIMIZATION_LEVEL = "-Onone";
				TARGETED_DEVICE_FAMILY = "1,2";
			};
			name = Debug;
		};
		297368851CF85D000063630A /* Release */ = {
			isa = XCBuildConfiguration;
			buildSettings = {
				ALWAYS_SEARCH_USER_PATHS = NO;
				CLANG_ANALYZER_NONNULL = YES;
				CLANG_CXX_LANGUAGE_STANDARD = "gnu++0x";
				CLANG_CXX_LIBRARY = "libc++";
				CLANG_ENABLE_MODULES = YES;
				CLANG_ENABLE_OBJC_ARC = YES;
				CLANG_WARN_BOOL_CONVERSION = YES;
				CLANG_WARN_CONSTANT_CONVERSION = YES;
				CLANG_WARN_DIRECT_OBJC_ISA_USAGE = YES_ERROR;
				CLANG_WARN_EMPTY_BODY = YES;
				CLANG_WARN_ENUM_CONVERSION = YES;
				CLANG_WARN_INT_CONVERSION = YES;
				CLANG_WARN_OBJC_ROOT_CLASS = YES_ERROR;
				CLANG_WARN_UNREACHABLE_CODE = YES;
				CLANG_WARN__DUPLICATE_METHOD_MATCH = YES;
				"CODE_SIGN_IDENTITY[sdk=iphoneos*]" = "iPhone Developer";
				COPY_PHASE_STRIP = NO;
				DEBUG_INFORMATION_FORMAT = "dwarf-with-dsym";
				ENABLE_NS_ASSERTIONS = NO;
				ENABLE_STRICT_OBJC_MSGSEND = YES;
				GCC_C_LANGUAGE_STANDARD = gnu99;
				GCC_NO_COMMON_BLOCKS = YES;
				GCC_WARN_64_TO_32_BIT_CONVERSION = YES;
				GCC_WARN_ABOUT_RETURN_TYPE = YES_ERROR;
				GCC_WARN_UNDECLARED_SELECTOR = YES;
				GCC_WARN_UNINITIALIZED_AUTOS = YES_AGGRESSIVE;
				GCC_WARN_UNUSED_FUNCTION = YES;
				GCC_WARN_UNUSED_VARIABLE = YES;
				IPHONEOS_DEPLOYMENT_TARGET = 9.0;
				MTL_ENABLE_DEBUG_INFO = NO;
				SDKROOT = iphoneos;
				TARGETED_DEVICE_FAMILY = "1,2";
				VALIDATE_PRODUCT = YES;
			};
			name = Release;
		};
		297368871CF85D000063630A /* Debug */ = {
			isa = XCBuildConfiguration;
			baseConfigurationReference = CF3B2D37CFBCF9B1EC688705 /* Pods-SmartHeartTraining.debug.xcconfig */;
			buildSettings = {
				ASSETCATALOG_COMPILER_APPICON_NAME = AppIcon;
				CODE_SIGN_IDENTITY = "iPhone Developer";
				DEBUG_INFORMATION_FORMAT = "dwarf-with-dsym";
				INFOPLIST_FILE = SmartHeartTraining/Info.plist;
				IPHONEOS_DEPLOYMENT_TARGET = 9.0;
				LD_RUNPATH_SEARCH_PATHS = "$(inherited) @executable_path/Frameworks";
				PRODUCT_BUNDLE_IDENTIFIER = com.MadAppGang.SmartHeartTraining;
				PRODUCT_NAME = "$(TARGET_NAME)";
				TARGETED_DEVICE_FAMILY = 1;
			};
			name = Debug;
		};
		297368881CF85D000063630A /* Release */ = {
			isa = XCBuildConfiguration;
			baseConfigurationReference = ABC5B45E2DD0D57BD4EA44FC /* Pods-SmartHeartTraining.release.xcconfig */;
			buildSettings = {
				ASSETCATALOG_COMPILER_APPICON_NAME = AppIcon;
				CODE_SIGN_IDENTITY = "iPhone Developer";
				INFOPLIST_FILE = SmartHeartTraining/Info.plist;
				IPHONEOS_DEPLOYMENT_TARGET = 9.0;
				LD_RUNPATH_SEARCH_PATHS = "$(inherited) @executable_path/Frameworks";
				PRODUCT_BUNDLE_IDENTIFIER = com.MadAppGang.SmartHeartTraining;
				PRODUCT_NAME = "$(TARGET_NAME)";
				TARGETED_DEVICE_FAMILY = 1;
			};
			name = Release;
		};
		2973688A1CF85D000063630A /* Debug */ = {
			isa = XCBuildConfiguration;
			buildSettings = {
				BUNDLE_LOADER = "$(TEST_HOST)";
				INFOPLIST_FILE = SmartHeartTrainingTests/Info.plist;
				LD_RUNPATH_SEARCH_PATHS = "$(inherited) @executable_path/Frameworks @loader_path/Frameworks";
				PRODUCT_BUNDLE_IDENTIFIER = com.MadAppGang.SmartHeartTrainingTests;
				PRODUCT_NAME = "$(TARGET_NAME)";
				TEST_HOST = "$(BUILT_PRODUCTS_DIR)/SmartHeartTraining.app/SmartHeartTraining";
			};
			name = Debug;
		};
		2973688B1CF85D000063630A /* Release */ = {
			isa = XCBuildConfiguration;
			buildSettings = {
				BUNDLE_LOADER = "$(TEST_HOST)";
				INFOPLIST_FILE = SmartHeartTrainingTests/Info.plist;
				LD_RUNPATH_SEARCH_PATHS = "$(inherited) @executable_path/Frameworks @loader_path/Frameworks";
				PRODUCT_BUNDLE_IDENTIFIER = com.MadAppGang.SmartHeartTrainingTests;
				PRODUCT_NAME = "$(TARGET_NAME)";
				TEST_HOST = "$(BUILT_PRODUCTS_DIR)/SmartHeartTraining.app/SmartHeartTraining";
			};
			name = Release;
		};
		2973688D1CF85D000063630A /* Debug */ = {
			isa = XCBuildConfiguration;
			buildSettings = {
				INFOPLIST_FILE = SmartHeartTrainingUITests/Info.plist;
				LD_RUNPATH_SEARCH_PATHS = "$(inherited) @executable_path/Frameworks @loader_path/Frameworks";
				PRODUCT_BUNDLE_IDENTIFIER = com.MadAppGang.SmartHeartTrainingUITests;
				PRODUCT_NAME = "$(TARGET_NAME)";
				TEST_TARGET_NAME = SmartHeartTraining;
			};
			name = Debug;
		};
		2973688E1CF85D000063630A /* Release */ = {
			isa = XCBuildConfiguration;
			buildSettings = {
				INFOPLIST_FILE = SmartHeartTrainingUITests/Info.plist;
				LD_RUNPATH_SEARCH_PATHS = "$(inherited) @executable_path/Frameworks @loader_path/Frameworks";
				PRODUCT_BUNDLE_IDENTIFIER = com.MadAppGang.SmartHeartTrainingUITests;
				PRODUCT_NAME = "$(TARGET_NAME)";
				TEST_TARGET_NAME = SmartHeartTraining;
			};
			name = Release;
		};
/* End XCBuildConfiguration section */

/* Begin XCConfigurationList section */
		297368591CF85D000063630A /* Build configuration list for PBXProject "SmartHeartTraining" */ = {
			isa = XCConfigurationList;
			buildConfigurations = (
				297368841CF85D000063630A /* Debug */,
				297368851CF85D000063630A /* Release */,
			);
			defaultConfigurationIsVisible = 0;
			defaultConfigurationName = Release;
		};
		297368861CF85D000063630A /* Build configuration list for PBXNativeTarget "SmartHeartTraining" */ = {
			isa = XCConfigurationList;
			buildConfigurations = (
				297368871CF85D000063630A /* Debug */,
				297368881CF85D000063630A /* Release */,
			);
			defaultConfigurationIsVisible = 0;
			defaultConfigurationName = Release;
		};
		297368891CF85D000063630A /* Build configuration list for PBXNativeTarget "SmartHeartTrainingTests" */ = {
			isa = XCConfigurationList;
			buildConfigurations = (
				2973688A1CF85D000063630A /* Debug */,
				2973688B1CF85D000063630A /* Release */,
			);
			defaultConfigurationIsVisible = 0;
			defaultConfigurationName = Release;
		};
		2973688C1CF85D000063630A /* Build configuration list for PBXNativeTarget "SmartHeartTrainingUITests" */ = {
			isa = XCConfigurationList;
			buildConfigurations = (
				2973688D1CF85D000063630A /* Debug */,
				2973688E1CF85D000063630A /* Release */,
			);
			defaultConfigurationIsVisible = 0;
			defaultConfigurationName = Release;
		};
/* End XCConfigurationList section */

/* Begin XCVersionGroup section */
		29E4BD271D12D29B003A24A6 /* SmartHeartTraining.xcdatamodeld */ = {
			isa = XCVersionGroup;
			children = (
				29E2984B1D79AE010057DEA3 /* SmartHeartTraining 7.xcdatamodel */,
				29E2984A1D799AE30057DEA3 /* SmartHeartTraining 6.xcdatamodel */,
				29E1EA171D3009D6005F0959 /* SmartHeartTraining 5.xcdatamodel */,
				29B751B51D2EA1E7004E3E57 /* SmartHeartTraining 4.xcdatamodel */,
				296C81F21D1D88DE00229DB0 /* SmartHeartTraining 3.xcdatamodel */,
				2991E8A31D1D23D900540B82 /* SmartHeartTraining 2.xcdatamodel */,
				29E4BD281D12D29B003A24A6 /* SmartHeartTraining.xcdatamodel */,
			);
			currentVersion = 29E2984B1D79AE010057DEA3 /* SmartHeartTraining 7.xcdatamodel */;
			path = SmartHeartTraining.xcdatamodeld;
			sourceTree = "<group>";
			versionGroupType = wrapper.xcdatamodel;
		};
/* End XCVersionGroup section */
	};
	rootObject = 297368561CF85D000063630A /* Project object */;
}
